<?xml version="1.0" encoding="utf-8"?>
<Project ToolsVersion="4.0" xmlns="http://schemas.microsoft.com/developer/msbuild/2003">
  <ItemGroup>
    <Filter Include="Source Files">
      <UniqueIdentifier>{4FC737F1-C7A5-4376-A066-2A32D752A2FF}</UniqueIdentifier>
      <Extensions>cpp;c;cc;cxx;def;odl;idl;hpj;bat;asm;asmx</Extensions>
    </Filter>
    <Filter Include="Header Files">
      <UniqueIdentifier>{93995380-89BD-4b04-88EB-625FBE52EBFB}</UniqueIdentifier>
      <Extensions>h;hh;hpp;hxx;hm;inl;inc;xsd</Extensions>
    </Filter>
    <Filter Include="Resource Files">
      <UniqueIdentifier>{67DA6AB6-F800-4c08-8B7A-83BB121AAD01}</UniqueIdentifier>
      <Extensions>rc;ico;cur;bmp;dlg;rc2;rct;bin;rgs;gif;jpg;jpeg;jpe;resx;tiff;tif;png;wav;mfcribbon-ms</Extensions>
    </Filter>
  </ItemGroup>
  <ItemGroup>
    <Text Include="ReadMe.txt" />
  </ItemGroup>
  <ItemGroup>
    <ClCompile Include="main.cpp">
      <Filter>Source Files</Filter>
    </ClCompile>
    <ClCompile Include="circle.cpp">
      <Filter>Source Files</Filter>
    </ClCompile>
    <ClCompile Include="rectangle.cpp">
      <Filter>Source Files</Filter>
    </ClCompile>
    <ClCompile Include="line.cpp">
      <Filter>Source Files</Filter>
    </ClCompile>
    <ClCompile Include="screen_objects.cpp">
      <Filter>Source Files</Filter>
    </ClCompile>
    <ClCompile Include="object_editor.cpp">
      <Filter>Source Files</Filter>
    </ClCompile>
    <ClCompile Include="picture.cpp">
      <Filter>Source Files</Filter>
    </ClCompile>
    <ClCompile Include="button_actions.cpp">
      <Filter>Source Files</Filter>
    </ClCompile>
    <ClCompile Include="color_convert.cpp">
      <Filter>Source Files</Filter>
    </ClCompile>
    <ClCompile Include="file_reading_operators.cpp">
      <Filter>Source Files</Filter>
    </ClCompile>
  </ItemGroup>
  <ItemGroup>
    <ClInclude Include="circle.hpp">
      <Filter>Header Files</Filter>
    </ClInclude>
    <ClInclude Include="rectangle.hpp">
      <Filter>Header Files</Filter>
    </ClInclude>
    <ClInclude Include="line.hpp">
      <Filter>Header Files</Filter>
    </ClInclude>
    <ClInclude Include="screen_objects.hpp">
      <Filter>Header Files</Filter>
    </ClInclude>
    <ClInclude Include="object_editor.hpp">
      <Filter>Header Files</Filter>
    </ClInclude>
    <ClInclude Include="picture.hpp">
      <Filter>Header Files</Filter>
    </ClInclude>
    <ClInclude Include="button_actions.hpp">
      <Filter>Header Files</Filter>
    </ClInclude>
    <ClInclude Include="color_convert.hpp">
      <Filter>Header Files</Filter>
    </ClInclude>
    <ClInclude Include="exception_list.hpp">
      <Filter>Header Files</Filter>
    </ClInclude>
    <ClInclude Include="file_reading_operators.hpp">
      <Filter>Header Files</Filter>
    </ClInclude>
  </ItemGroup>
</Project>